<?xml version="1.0" encoding="utf-8"?>
<Project ToolsVersion="4.0" xmlns="http://schemas.microsoft.com/developer/msbuild/2003">
  <ItemGroup>
    <Filter Include="Source Files">
      <UniqueIdentifier>{4FC737F1-C7A5-4376-A066-2A32D752A2FF}</UniqueIdentifier>
      <Extensions>cpp;c;cc;cxx;c++;cppm;ixx;def;odl;idl;hpj;bat;asm;asmx</Extensions>
    </Filter>
    <Filter Include="Header Files">
      <UniqueIdentifier>{93995380-89BD-4b04-88EB-625FBE52EBFB}</UniqueIdentifier>
      <Extensions>h;hh;hpp;hxx;h++;hm;inl;inc;ipp;xsd</Extensions>
    </Filter>
    <Filter Include="Resource Files">
      <UniqueIdentifier>{67DA6AB6-F800-4c08-8B7A-83BB121AAD01}</UniqueIdentifier>
      <Extensions>rc;ico;cur;bmp;dlg;rc2;rct;bin;rgs;gif;jpg;jpeg;jpe;resx;tiff;tif;png;wav;mfcribbon-ms</Extensions>
    </Filter>
    <Filter Include="Header Files\Collision">
      <UniqueIdentifier>{d8157e0a-bae2-4f1d-9e02-4129cbfe0426}</UniqueIdentifier>
    </Filter>
    <Filter Include="Header Files\Camera">
      <UniqueIdentifier>{e3584053-d48d-4bb6-9798-31e628809613}</UniqueIdentifier>
    </Filter>
    <Filter Include="Header Files\System">
      <UniqueIdentifier>{1d7d262a-d0a6-421e-99c2-14cb72d3c384}</UniqueIdentifier>
    </Filter>
    <Filter Include="Header Files\Defines">
      <UniqueIdentifier>{1175e2ee-3da4-4b7d-bdc3-646897912052}</UniqueIdentifier>
    </Filter>
    <Filter Include="Header Files\World">
      <UniqueIdentifier>{08531889-e452-4599-961b-0da8ef07e497}</UniqueIdentifier>
    </Filter>
    <Filter Include="Header Files\Rendering">
      <UniqueIdentifier>{2e76f32e-9b71-4667-9ed8-3c76a8da531d}</UniqueIdentifier>
    </Filter>
    <Filter Include="Header Files\PCH and External Headers">
      <UniqueIdentifier>{5fe5f9e5-a852-4219-9ca1-7ec6fd26e5b4}</UniqueIdentifier>
    </Filter>
    <Filter Include="Header Files\System\Loader">
      <UniqueIdentifier>{29066a61-8e0d-439c-81b9-e6dfd59c258d}</UniqueIdentifier>
    </Filter>
    <Filter Include="Header Files\System\Manager">
      <UniqueIdentifier>{51e2bcbe-7160-4398-adc8-b8c7123314c2}</UniqueIdentifier>
    </Filter>
    <Filter Include="Header Files\Collision\Colliders">
      <UniqueIdentifier>{ee648fa5-4c73-4eee-9fdf-b87231a67e13}</UniqueIdentifier>
    </Filter>
  </ItemGroup>
  <ItemGroup>
    <ClCompile Include="dllmain.cpp">
      <Filter>Source Files</Filter>
    </ClCompile>
    <ClCompile Include="System\Assets\AssetManager.cpp">
      <Filter>Source Files</Filter>
    </ClCompile>
    <ClCompile Include="BennettPCH.cpp">
      <Filter>Source Files</Filter>
    </ClCompile>
    <ClCompile Include="Camera\Camera.cpp">
      <Filter>Source Files</Filter>
    </ClCompile>
    <ClCompile Include="Camera\CameraController.cpp">
      <Filter>Source Files</Filter>
    </ClCompile>
    <ClCompile Include="System\Engine.cpp">
      <Filter>Source Files</Filter>
    </ClCompile>
    <ClCompile Include="World\Entity\BEntity.cpp">
      <Filter>Source Files</Filter>
    </ClCompile>
    <ClCompile Include="Camera\FreeCamera.cpp">
      <Filter>Source Files</Filter>
    </ClCompile>
    <ClCompile Include="System\InputMonitor.cpp">
      <Filter>Source Files</Filter>
    </ClCompile>
    <ClCompile Include="System\Saves\LevelManager.cpp">
      <Filter>Source Files</Filter>
    </ClCompile>
    <ClCompile Include="Defines\MarchingCubesTriangulationTable.cpp">
      <Filter>Source Files</Filter>
    </ClCompile>
    <ClCompile Include="System\Assets\ModelLoader.cpp">
      <Filter>Source Files</Filter>
    </ClCompile>
    <ClCompile Include="Camera\ScriptedCamera.cpp">
      <Filter>Source Files</Filter>
    </ClCompile>
    <ClCompile Include="System\ServiceLocator.cpp">
      <Filter>Source Files</Filter>
    </ClCompile>
    <ClCompile Include="Camera\StandardCamera.cpp">
      <Filter>Source Files</Filter>
    </ClCompile>
    <ClCompile Include="System\Assets\TextureLoader.cpp">
      <Filter>Source Files</Filter>
    </ClCompile>
    <ClCompile Include="External\tinyxml2.cpp">
      <Filter>Source Files</Filter>
    </ClCompile>
    <ClCompile Include="World\World.cpp">
      <Filter>Source Files</Filter>
    </ClCompile>
    <ClCompile Include="System\Manager\FileManagement.cpp">
      <Filter>Source Files</Filter>
    </ClCompile>
    <ClCompile Include="Defines\PrimativeModelCreation.cpp">
      <Filter>Source Files</Filter>
    </ClCompile>
    <ClCompile Include="Physics\Collision\Octree.cpp">
      <Filter>Source Files</Filter>
    </ClCompile>
    <ClCompile Include="Physics\Collision\OctreeNode.cpp">
      <Filter>Source Files</Filter>
    </ClCompile>
    <ClCompile Include="Physics\Collision\CollisionDetection.cpp">
      <Filter>Source Files</Filter>
    </ClCompile>
    <ClCompile Include="Physics\Collision\Collider\Collider.cpp">
      <Filter>Source Files</Filter>
    </ClCompile>
    <ClCompile Include="Physics\Collision\Collider\Ray.cpp">
      <Filter>Source Files</Filter>
    </ClCompile>
    <ClCompile Include="Physics\Collision\Collider\SphereCollider.cpp">
      <Filter>Source Files</Filter>
    </ClCompile>
    <ClCompile Include="Physics\Collision\Collider\AABBCollider.cpp">
      <Filter>Source Files</Filter>
    </ClCompile>
    <ClCompile Include="Rendering\Buffer.cpp">
      <Filter>Source Files</Filter>
    </ClCompile>
    <ClCompile Include="Rendering\IndexBuffer.cpp">
      <Filter>Source Files</Filter>
    </ClCompile>
    <ClCompile Include="Rendering\Mesh.cpp">
      <Filter>Source Files</Filter>
    </ClCompile>
    <ClCompile Include="Rendering\Model.cpp">
      <Filter>Source Files</Filter>
    </ClCompile>
    <ClCompile Include="Rendering\Renderer.cpp">
      <Filter>Source Files</Filter>
    </ClCompile>
    <ClCompile Include="Rendering\ShaderLoader.cpp">
      <Filter>Source Files</Filter>
    </ClCompile>
    <ClCompile Include="Rendering\Texture.cpp">
      <Filter>Source Files</Filter>
    </ClCompile>
    <ClCompile Include="Rendering\Vertex.cpp">
      <Filter>Source Files</Filter>
    </ClCompile>
    <ClCompile Include="Rendering\VertexBuffer.cpp">
      <Filter>Source Files</Filter>
    </ClCompile>
    <ClCompile Include="Rendering\Window.cpp">
      <Filter>Source Files</Filter>
    </ClCompile>
    <ClCompile Include="Rendering\WindowDetails.cpp">
      <Filter>Source Files</Filter>
    </ClCompile>
    <ClCompile Include="Rendering\Shader.cpp">
      <Filter>Source Files</Filter>
    </ClCompile>
    <ClCompile Include="Rendering\CustomPipelineObject.cpp">
      <Filter>Source Files</Filter>
    </ClCompile>
    <ClCompile Include="System\Transform.cpp">
      <Filter>Source Files</Filter>
    </ClCompile>
    <ClCompile Include="Physics\Collision\Collider\OBBCollider.cpp">
      <Filter>Source Files</Filter>
    </ClCompile>
    <ClCompile Include="Physics\Rigidbody.cpp">
      <Filter>Source Files</Filter>
    </ClCompile>
    <ClCompile Include="Physics\Collision\CollisionStructures.cpp">
      <Filter>Source Files</Filter>
    </ClCompile>
    <ClCompile Include="World\WorldChunk.cpp">
      <Filter>Source Files</Filter>
    </ClCompile>
    <ClCompile Include="World\Terrain\TerrainChunk.cpp">
      <Filter>Source Files</Filter>
    </ClCompile>
    <ClCompile Include="World\Prop\BProp.cpp">
      <Filter>Source Files</Filter>
    </ClCompile>
    <ClCompile Include="World\Actor\BActor.cpp">
      <Filter>Source Files</Filter>
    </ClCompile>
    <ClCompile Include="World\Actor\UnitActors\TestUnit.cpp">
      <Filter>Source Files</Filter>
    </ClCompile>
    <ClCompile Include="Physics\Collision\CollisionResolution.cpp">
      <Filter>Source Files</Filter>
    </ClCompile>
    <ClCompile Include="World\Prop\Objects\StaticProp.cpp">
      <Filter>Source Files</Filter>
    </ClCompile>
    <ClCompile Include="Physics\PhysicsWorld.cpp">
      <Filter>Source Files</Filter>
    </ClCompile>
  </ItemGroup>
  <ItemGroup>
    <ClInclude Include="Physics\Collision\CollisionDetection.h">
      <Filter>Header Files\Collision</Filter>
    </ClInclude>
    <ClInclude Include="Physics\Collision\Octree.h">
      <Filter>Header Files\Collision</Filter>
    </ClInclude>
    <ClInclude Include="Physics\Collision\OctreeNode.h">
      <Filter>Header Files\Collision</Filter>
    </ClInclude>
    <ClInclude Include="Camera\Camera.h">
      <Filter>Header Files\Camera</Filter>
    </ClInclude>
    <ClInclude Include="Camera\CameraController.h">
      <Filter>Header Files\Camera</Filter>
    </ClInclude>
    <ClInclude Include="Camera\FreeCamera.h">
      <Filter>Header Files\Camera</Filter>
    </ClInclude>
    <ClInclude Include="Camera\StandardCamera.h">
      <Filter>Header Files\Camera</Filter>
    </ClInclude>
    <ClInclude Include="Camera\ScriptedCamera.h">
      <Filter>Header Files\Camera</Filter>
    </ClInclude>
    <ClInclude Include="System\Engine.h">
      <Filter>Header Files\System</Filter>
    </ClInclude>
    <ClInclude Include="System\InputMonitor.h">
      <Filter>Header Files\System</Filter>
    </ClInclude>
    <ClInclude Include="System\Logger.h">
      <Filter>Header Files\System</Filter>
    </ClInclude>
    <ClInclude Include="System\ServiceLocator.h">
      <Filter>Header Files\System</Filter>
    </ClInclude>
    <ClInclude Include="Defines\BennettDefines.h">
      <Filter>Header Files\Defines</Filter>
    </ClInclude>
    <ClInclude Include="Defines\BennettInputDefines.h">
      <Filter>Header Files\Defines</Filter>
    </ClInclude>
    <ClInclude Include="Defines\DebugDefines.h">
      <Filter>Header Files\Defines</Filter>
    </ClInclude>
    <ClInclude Include="BennettPCH.h">
      <Filter>Header Files\PCH and External Headers</Filter>
    </ClInclude>
    <ClInclude Include="Defines\MarchingCubesTriangulationTable.h">
      <Filter>Header Files\Defines</Filter>
    </ClInclude>
    <ClInclude Include="Defines\PrimativeModelCreation.h">
      <Filter>Header Files\Defines</Filter>
    </ClInclude>
    <ClInclude Include="External\WindowsHeaders.h">
      <Filter>Header Files\PCH and External Headers</Filter>
    </ClInclude>
    <ClInclude Include="External\resource.h">
      <Filter>Header Files\PCH and External Headers</Filter>
    </ClInclude>
    <ClInclude Include="World\World.h">
      <Filter>Header Files\World</Filter>
    </ClInclude>
    <ClInclude Include="World\Entity\BEntity.h">
      <Filter>Header Files\World</Filter>
    </ClInclude>
    <ClInclude Include="System\ApplicationEvents.h">
      <Filter>Header Files\System</Filter>
    </ClInclude>
    <ClInclude Include="System\Event.h">
      <Filter>Header Files\System</Filter>
    </ClInclude>
    <ClInclude Include="External\tinyxml2.h">
      <Filter>Header Files\PCH and External Headers</Filter>
    </ClInclude>
    <ClInclude Include="System\Saves\LevelManager.h">
      <Filter>Header Files\System\Manager</Filter>
    </ClInclude>
    <ClInclude Include="System\Manager\FileManagement.h">
      <Filter>Header Files\System\Manager</Filter>
    </ClInclude>
    <ClInclude Include="System\Assets\AssetManager.h">
      <Filter>Header Files\System\Manager</Filter>
    </ClInclude>
    <ClInclude Include="System\Assets\ModelLoader.h">
      <Filter>Header Files\System\Loader</Filter>
    </ClInclude>
    <ClInclude Include="System\Assets\TextureLoader.h">
      <Filter>Header Files\System\Loader</Filter>
    </ClInclude>
    <ClInclude Include="Physics\Collision\Collider\Collider.h">
      <Filter>Header Files\Collision\Colliders</Filter>
    </ClInclude>
    <ClInclude Include="Physics\Collision\Collider\SphereCollider.h">
      <Filter>Header Files\Collision\Colliders</Filter>
    </ClInclude>
    <ClInclude Include="Physics\Collision\Collider\AABBCollider.h">
      <Filter>Header Files\Collision\Colliders</Filter>
    </ClInclude>
    <ClInclude Include="Physics\Collision\Collider\Ray.h">
      <Filter>Header Files\Collision\Colliders</Filter>
    </ClInclude>
    <ClInclude Include="Rendering\Buffer.h">
      <Filter>Header Files</Filter>
    </ClInclude>
    <ClInclude Include="Rendering\IndexBuffer.h">
      <Filter>Header Files</Filter>
    </ClInclude>
    <ClInclude Include="Rendering\Mesh.h">
      <Filter>Header Files</Filter>
    </ClInclude>
    <ClInclude Include="Rendering\Model.h">
      <Filter>Header Files</Filter>
    </ClInclude>
    <ClInclude Include="Rendering\Renderer.h">
      <Filter>Header Files</Filter>
    </ClInclude>
    <ClInclude Include="Rendering\ShaderLoader.h">
      <Filter>Header Files</Filter>
    </ClInclude>
    <ClInclude Include="Rendering\Texture.h">
      <Filter>Header Files</Filter>
    </ClInclude>
    <ClInclude Include="Rendering\Vertex.h">
      <Filter>Header Files</Filter>
    </ClInclude>
    <ClInclude Include="Rendering\VertexBuffer.h">
      <Filter>Header Files</Filter>
    </ClInclude>
    <ClInclude Include="Rendering\Window.h">
      <Filter>Header Files</Filter>
    </ClInclude>
    <ClInclude Include="Rendering\WindowDetails.h">
      <Filter>Header Files</Filter>
    </ClInclude>
    <ClInclude Include="Rendering\Shader.h">
      <Filter>Header Files</Filter>
    </ClInclude>
    <ClInclude Include="Rendering\CustomPipelineObject.h">
      <Filter>Header Files</Filter>
    </ClInclude>
    <ClInclude Include="External\PerlinNoise.hpp">
      <Filter>Header Files</Filter>
    </ClInclude>
    <ClInclude Include="External\tiny_gltf.h">
      <Filter>Header Files</Filter>
    </ClInclude>
    <ClInclude Include="System\Transform.h">
      <Filter>Header Files</Filter>
    </ClInclude>
    <ClInclude Include="Physics\Collision\Collider\OBBCollider.h">
      <Filter>Header Files</Filter>
    </ClInclude>
    <ClInclude Include="Defines\HelperFunctions.h">
      <Filter>Header Files</Filter>
    </ClInclude>
    <ClInclude Include="Physics\Rigidbody.h">
      <Filter>Header Files</Filter>
    </ClInclude>
    <ClInclude Include="Physics\Collision\CollisionStructures.h">
      <Filter>Header Files</Filter>
    </ClInclude>
    <ClInclude Include="World\WorldChunk.h">
      <Filter>Header Files</Filter>
    </ClInclude>
    <ClInclude Include="World\Terrain\TerrainChunk.h">
      <Filter>Header Files</Filter>
    </ClInclude>
    <ClInclude Include="World\Prop\BProp.h">
      <Filter>Header Files</Filter>
    </ClInclude>
    <ClInclude Include="World\Actor\BActor.h">
      <Filter>Header Files</Filter>
    </ClInclude>
    <ClInclude Include="World\Actor\UnitActors\TestUnit.h">
      <Filter>Header Files</Filter>
    </ClInclude>
    <ClInclude Include="Physics\Collision\CollisionResolution.h">
      <Filter>Header Files</Filter>
    </ClInclude>
    <ClInclude Include="World\Prop\Objects\StaticProp.h">
      <Filter>Header Files</Filter>
    </ClInclude>
    <ClInclude Include="Physics\PhysicsWorld.h">
      <Filter>Header Files</Filter>
    </ClInclude>
  </ItemGroup>
  <ItemGroup>
    <None Include="External\LICENSE" />
  </ItemGroup>
</Project>